// !$*UTF8*$!
{
	archiveVersion = 1;
	classes = {
	};
	objectVersion = 46;
	objects = {

/* Begin PBXBuildFile section */
		5BE516CC1D413DAA00580D31 /* main.m in Sources */ = {isa = PBXBuildFile; fileRef = 5BE516CB1D413DAA00580D31 /* main.m */; };
		5BE516CF1D413DAA00580D31 /* AppDelegate.m in Sources */ = {isa = PBXBuildFile; fileRef = 5BE516CE1D413DAA00580D31 /* AppDelegate.m */; };
		5BE516D51D413DAA00580D31 /* Main.storyboard in Resources */ = {isa = PBXBuildFile; fileRef = 5BE516D31D413DAA00580D31 /* Main.storyboard */; };
		5BE516D71D413DAA00580D31 /* Assets.xcassets in Resources */ = {isa = PBXBuildFile; fileRef = 5BE516D61D413DAA00580D31 /* Assets.xcassets */; };
		5BE516DA1D413DAA00580D31 /* LaunchScreen.storyboard in Resources */ = {isa = PBXBuildFile; fileRef = 5BE516D81D413DAA00580D31 /* LaunchScreen.storyboard */; };
		5BE516E31D413DF200580D31 /* CalculatorViewController.m in Sources */ = {isa = PBXBuildFile; fileRef = 5BE516E21D413DF200580D31 /* CalculatorViewController.m */; };
/* End PBXBuildFile section */

/* Begin PBXFileReference section */
		5BE516C71D413DAA00580D31 /* InevitableCalculator.app */ = {isa = PBXFileReference; explicitFileType = wrapper.application; includeInIndex = 0; path = InevitableCalculator.app; sourceTree = BUILT_PRODUCTS_DIR; };
		5BE516CB1D413DAA00580D31 /* main.m */ = {isa = PBXFileReference; lastKnownFileType = sourcecode.c.objc; path = main.m; sourceTree = "<group>"; };
		5BE516CD1D413DAA00580D31 /* AppDelegate.h */ = {isa = PBXFileReference; lastKnownFileType = sourcecode.c.h; path = AppDelegate.h; sourceTree = "<group>"; };
		5BE516CE1D413DAA00580D31 /* AppDelegate.m */ = {isa = PBXFileReference; lastKnownFileType = sourcecode.c.objc; path = AppDelegate.m; sourceTree = "<group>"; };
		5BE516D41D413DAA00580D31 /* Base */ = {isa = PBXFileReference; lastKnownFileType = file.storyboard; name = Base; path = Base.lproj/Main.storyboard; sourceTree = "<group>"; };
		5BE516D61D413DAA00580D31 /* Assets.xcassets */ = {isa = PBXFileReference; lastKnownFileType = folder.assetcatalog; path = Assets.xcassets; sourceTree = "<group>"; };
		5BE516D91D413DAA00580D31 /* Base */ = {isa = PBXFileReference; lastKnownFileType = file.storyboard; name = Base; path = Base.lproj/LaunchScreen.storyboard; sourceTree = "<group>"; };
		5BE516DB1D413DAA00580D31 /* Info.plist */ = {isa = PBXFileReference; lastKnownFileType = text.plist.xml; path = Info.plist; sourceTree = "<group>"; };
		5BE516E11D413DF200580D31 /* CalculatorViewController.h */ = {isa = PBXFileReference; fileEncoding = 4; lastKnownFileType = sourcecode.c.h; path = CalculatorViewController.h; sourceTree = "<group>"; };
		5BE516E21D413DF200580D31 /* CalculatorViewController.m */ = {isa = PBXFileReference; fileEncoding = 4; lastKnownFileType = sourcecode.c.objc; path = CalculatorViewController.m; sourceTree = "<group>"; };
/* End PBXFileReference section */

/* Begin PBXFrameworksBuildPhase section */
		5BE516C41D413DAA00580D31 /* Frameworks */ = {
			isa = PBXFrameworksBuildPhase;
			buildActionMask = 2147483647;
			files = (
			);
			runOnlyForDeploymentPostprocessing = 0;
		};
/* End PBXFrameworksBuildPhase section */

/* Begin PBXGroup section */
		5BE516BE1D413DAA00580D31 = {
			isa = PBXGroup;
			children = (
				5BE516C91D413DAA00580D31 /* InevitableCalculator */,
				5BE516C81D413DAA00580D31 /* Products */,
			);
			sourceTree = "<group>";
		};
		5BE516C81D413DAA00580D31 /* Products */ = {
			isa = PBXGroup;
			children = (
				5BE516C71D413DAA00580D31 /* InevitableCalculator.app */,
			);
			name = Products;
			sourceTree = "<group>";
		};
		5BE516C91D413DAA00580D31 /* InevitableCalculator */ = {
			isa = PBXGroup;
			children = (
				5BE516CD1D413DAA00580D31 /* AppDelegate.h */,
				5BE516CE1D413DAA00580D31 /* AppDelegate.m */,
				5BE516E11D413DF200580D31 /* CalculatorViewController.h */,
				5BE516E21D413DF200580D31 /* CalculatorViewController.m */,
				5BE516D31D413DAA00580D31 /* Main.storyboard */,
				5BE516D61D413DAA00580D31 /* Assets.xcassets */,
				5BE516D81D413DAA00580D31 /* LaunchScreen.storyboard */,
				5BE516DB1D413DAA00580D31 /* Info.plist */,
				5BE516CA1D413DAA00580D31 /* Supporting Files */,
			);
			path = InevitableCalculator;
			sourceTree = "<group>";
		};
		5BE516CA1D413DAA00580D31 /* Supporting Files */ = {
			isa = PBXGroup;
			children = (
				5BE516CB1D413DAA00580D31 /* main.m */,
			);
			name = "Supporting Files";
			sourceTree = "<group>";
		};
/* End PBXGroup section */

/* Begin PBXNativeTarget section */
		5BE516C61D413DAA00580D31 /* InevitableCalculator */ = {
			isa = PBXNativeTarget;
			buildConfigurationList = 5BE516DE1D413DAA00580D31 /* Build configuration list for PBXNativeTarget "InevitableCalculator" */;
			buildPhases = (
				5BE516C31D413DAA00580D31 /* Sources */,
				5BE516C41D413DAA00580D31 /* Frameworks */,
				5BE516C51D413DAA00580D31 /* Resources */,
			);
			buildRules = (
			);
			dependencies = (
			);
			name = InevitableCalculator;
			productName = InevitableCalculator;
			productReference = 5BE516C71D413DAA00580D31 /* InevitableCalculator.app */;
			productType = "com.apple.product-type.application";
		};
/* End PBXNativeTarget section */

/* Begin PBXProject section */
		5BE516BF1D413DAA00580D31 /* Project object */ = {
			isa = PBXProject;
			attributes = {
				LastUpgradeCheck = 0730;
				ORGANIZATIONNAME = "The Iron Yard";
				TargetAttributes = {
					5BE516C61D413DAA00580D31 = {
						CreatedOnToolsVersion = 7.3.1;
					};
				};
			};
			buildConfigurationList = 5BE516C21D413DAA00580D31 /* Build configuration list for PBXProject "InevitableCalculator" */;
			compatibilityVersion = "Xcode 3.2";
			developmentRegion = English;
			hasScannedForEncodings = 0;
			knownRegions = (
				en,
				Base,
			);
			mainGroup = 5BE516BE1D413DAA00580D31;
			productRefGroup = 5BE516C81D413DAA00580D31 /* Products */;
			projectDirPath = "";
			projectRoot = "";
			targets = (
				5BE516C61D413DAA00580D31 /* InevitableCalculator */,
			);
		};
/* End PBXProject section */

/* Begin PBXResourcesBuildPhase section */
		5BE516C51D413DAA00580D31 /* Resources */ = {
			isa = PBXResourcesBuildPhase;
			buildActionMask = 2147483647;
			files = (
				5BE516DA1D413DAA00580D31 /* LaunchScreen.storyboard in Resources */,
				5BE516D71D413DAA00580D31 /* Assets.xcassets in Resources */,
				5BE516D51D413DAA00580D31 /* Main.storyboard in Resources */,
			);
			runOnlyForDeploymentPostprocessing = 0;
		};
/* End PBXResourcesBuildPhase section */

/* Begin PBXSourcesBuildPhase section */
		5BE516C31D413DAA00580D31 /* Sources */ = {
			isa = PBXSourcesBuildPhase;
			buildActionMask = 2147483647;
			files = (
				5BE516CF1D413DAA00580D31 /* AppDelegate.m in Sources */,
				5BE516E31D413DF200580D31 /* CalculatorViewController.m in Sources */,
				5BE516CC1D413DAA00580D31 /* main.m in Sources */,
			);
			runOnlyForDeploymentPostprocessing = 0;
		};
/* End PBXSourcesBuildPhase section */

/* Begin PBXVariantGroup section */
		5BE516D31D413DAA00580D31 /* Main.storyboard */ = {
			isa = PBXVariantGroup;
			children = (
				5BE516D41D413DAA00580D31 /* Base */,
			);
			name = Main.storyboard;
			sourceTree = "<group>";
		};
		5BE516D81D413DAA00580D31 /* LaunchScreen.storyboard */ = {
			isa = PBXVariantGroup;
			children = (
				5BE516D91D413DAA00580D31 /* Base */,
			);
			name = LaunchScreen.storyboard;
			sourceTree = "<group>";
		};
/* End PBXVariantGroup section */

/* Begin XCBuildConfiguration section */
		5BE516DC1D413DAA00580D31 /* Debug */ = {
			isa = XCBuildConfiguration;
			buildSettings = {
				ALWAYS_SEARCH_USER_PATHS = NO;
				CLANG_ANALYZER_NONNULL = YES;
				CLANG_CXX_LANGUAGE_STANDARD = "gnu++0x";
				CLANG_CXX_LIBRARY = "libc++";
				CLANG_ENABLE_MODULES = YES;
				CLANG_ENABLE_OBJC_ARC = YES;
				CLANG_WARN_BOOL_CONVERSION = YES;
				CLANG_WARN_CONSTANT_CONVERSION = YES;
				CLANG_WARN_DIRECT_OBJC_ISA_USAGE = YES_ERROR;
				CLANG_WARN_EMPTY_BODY = YES;
				CLANG_WARN_ENUM_CONVERSION = YES;
				CLANG_WARN_INT_CONVERSION = YES;
				CLANG_WARN_OBJC_ROOT_CLASS = YES_ERROR;
				CLANG_WARN_UNREACHABLE_CODE = YES;
				CLANG_WARN__DUPLICATE_METHOD_MATCH = YES;
				"CODE_SIGN_IDENTITY[sdk=iphoneos*]" = "iPhone Developer";
				COPY_PHASE_STRIP = NO;
				DEBUG_INFORMATION_FORMAT = dwarf;
				ENABLE_STRICT_OBJC_MSGSEND = YES;
				ENABLE_TESTABILITY = YES;
				GCC_C_LANGUAGE_STANDARD = gnu99;
				GCC_DYNAMIC_NO_PIC = NO;
				GCC_NO_COMMON_BLOCKS = YES;
				GCC_OPTIMIZATION_LEVEL = 0;
				GCC_PREPROCESSOR_DEFINITIONS = (
					"DEBUG=1",
					"$(inherited)",
				);
				GCC_WARN_64_TO_32_BIT_CONVERSION = YES;
				GCC_WARN_ABOUT_RETURN_TYPE = YES_ERROR;
				GCC_WARN_UNDECLARED_SELECTOR = YES;
				GCC_WARN_UNINITIALIZED_AUTOS = YES_AGGRESSIVE;
				GCC_WARN_UNUSED_FUNCTION = YES;
				GCC_WARN_UNUSED_VARIABLE = YES;
				IPHONEOS_DEPLOYMENT_TARGET = 9.3;
				MTL_ENABLE_DEBUG_INFO = YES;
				ONLY_ACTIVE_ARCH = YES;
				SDKROOT = iphoneos;
			};
			name = Debug;
		};
		5BE516DD1D413DAA00580D31 /* Release */ = {
			isa = XCBuildConfiguration;
			buildSettings = {
				ALWAYS_SEARCH_USER_PATHS = NO;
				CLANG_ANALYZER_NONNULL = YES;
				CLANG_CXX_LANGUAGE_STANDARD = "gnu++0x";
				CLANG_CXX_LIBRARY = "libc++";
				CLANG_ENABLE_MODULES = YES;
				CLANG_ENABLE_OBJC_ARC = YES;
				CLANG_WARN_BOOL_CONVERSION = YES;
				CLANG_WARN_CONSTANT_CONVERSION = YES;
				CLANG_WARN_DIRECT_OBJC_ISA_USAGE = YES_ERROR;
				CLANG_WARN_EMPTY_BODY = YES;
				CLANG_WARN_ENUM_CONVERSION = YES;
				CLANG_WARN_INT_CONVERSION = YES;
				CLANG_WARN_OBJC_ROOT_CLASS = YES_ERROR;
				CLANG_WARN_UNREACHABLE_CODE = YES;
				CLANG_WARN__DUPLICATE_METHOD_MATCH = YES;
				"CODE_SIGN_IDENTITY[sdk=iphoneos*]" = "iPhone Developer";
				COPY_PHASE_STRIP = NO;
				DEBUG_INFORMATION_FORMAT = "dwarf-with-dsym";
				ENABLE_NS_ASSERTIONS = NO;
				ENABLE_STRICT_OBJC_MSGSEND = YES;
				GCC_C_LANGUAGE_STANDARD = gnu99;
				GCC_NO_COMMON_BLOCKS = YES;
				GCC_WARN_64_TO_32_BIT_CONVERSION = YES;
				GCC_WARN_ABOUT_RETURN_TYPE = YES_ERROR;
				GCC_WARN_UNDECLARED_SELECTOR = YES;
				GCC_WARN_UNINITIALIZED_AUTOS = YES_AGGRESSIVE;
				GCC_WARN_UNUSED_FUNCTION = YES;
				GCC_WARN_UNUSED_VARIABLE = YES;
				IPHONEOS_DEPLOYMENT_TARGET = 9.3;
				MTL_ENABLE_DEBUG_INFO = NO;
				SDKROOT = iphoneos;
				VALIDATE_PRODUCT = YES;
			};
			name = Release;
		};
		5BE516DF1D413DAA00580D31 /* Debug */ = {
			isa = XCBuildConfiguration;
			buildSettings = {
				ASSETCATALOG_COMPILER_APPICON_NAME = AppIcon;
				INFOPLIST_FILE = InevitableCalculator/Info.plist;
				LD_RUNPATH_SEARCH_PATHS = "$(inherited) @executable_path/Frameworks";
				PRODUCT_BUNDLE_IDENTIFIER = com.tiy.InevitableCalculator;
				PRODUCT_NAME = "$(TARGET_NAME)";
			};
			name = Debug;
		};
		5BE516E01D413DAA00580D31 /* Release */ = {
			isa = XCBuildConfiguration;
			buildSettings = {
				ASSETCATALOG_COMPILER_APPICON_NAME = AppIcon;
				INFOPLIST_FILE = InevitableCalculator/Info.plist;
				LD_RUNPATH_SEARCH_PATHS = "$(inherited) @executable_path/Frameworks";
				PRODUCT_BUNDLE_IDENTIFIER = com.tiy.InevitableCalculator;
				PRODUCT_NAME = "$(TARGET_NAME)";
			};
			name = Release;
		};
/* End XCBuildConfiguration section */

/* Begin XCConfigurationList section */
		5BE516C21D413DAA00580D31 /* Build configuration list for PBXProject "InevitableCalculator" */ = {
			isa = XCConfigurationList;
			buildConfigurations = (
				5BE516DC1D413DAA00580D31 /* Debug */,
				5BE516DD1D413DAA00580D31 /* Release */,
			);
			defaultConfigurationIsVisible = 0;
			defaultConfigurationName = Release;
		};
		5BE516DE1D413DAA00580D31 /* Build configuration list for PBXNativeTarget "InevitableCalculator" */ = {
			isa = XCConfigurationList;
			buildConfigurations = (
				5BE516DF1D413DAA00580D31 /* Debug */,
				5BE516E01D413DAA00580D31 /* Release */,
			);
			defaultConfigurationIsVisible = 0;
		};
/* End XCConfigurationList section */
	};
	rootObject = 5BE516BF1D413DAA00580D31 /* Project object */;
}
